{
  "name": "propagating-hammerjs",
  "version": "1.5.0",
  "lockfileVersion": 1,
  "requires": true,
  "dependencies": {
    "fsevents": {
      "version": "2.1.3",
      "resolved": "https://registry.npmjs.org/fsevents/-/fsevents-2.1.3.tgz",
      "integrity": "sha512-Auw9a4AxqWpa9GUfj370BMPzzyncfBABW8Mab7BGWBYDj4Isgq+cDKtx0i6u9jcX9pQDnswsaaOTgTmA5pEjuQ==",
      "dev": true,
      "optional": true
    },
    "hammerjs": {
      "version": "2.0.8",
      "resolved": "https://registry.npmjs.org/hammerjs/-/hammerjs-2.0.8.tgz",
      "integrity": "sha1-BO93hiz/K7edMPdpIJWTAiK/YPE="
    },
    "rollup": {
      "version": "2.29.0",
      "resolved": "https://registry.npmjs.org/rollup/-/rollup-2.29.0.tgz",
      "integrity": "sha512-gtU0sjxMpsVlpuAf4QXienPmUAhd6Kc7owQ4f5lypoxBW18fw2UNYZ4NssLGsri6WhUZkE/Ts3EMRebN+gNLiQ==",
      "dev": true,
      "requires": {
        "fsevents": "~2.1.2"
      }
    }
  }
}
